
Microsoft Visual Studio Solution File, Format Version 12.00
# Visual Studio Version 17
VisualStudioVersion = 17.5.33424.131
MinimumVisualStudioVersion = 10.0.40219.1
Project("{FAE04EC0-301F-11D3-BF4B-00C04F79EFBC}") = "ServiceExpressDsk", "ServiceExpressDsk\ServiceExpressDsk.csproj", "{CFDF850C-9305-47C2-84F5-14036CBD9BBA}"
EndProject
Project("{FAE04EC0-301F-11D3-BF4B-00C04F79EFBC}") = "DataManager", "DataManager\DataManager.csproj", "{934C2225-957E-419B-923C-694542BAB3FA}"
EndProject
Project("{FAE04EC0-301F-11D3-BF4B-00C04F79EFBC}") = "Utilidades", "Utilidades\Utilidades.csproj", "{1DCD826B-E7CC-4DB1-B8BF-E00794CEEFDE}"
EndProject
Project("{FAE04EC0-301F-11D3-BF4B-00C04F79EFBC}") = "SessionManager", "SessionManager\SessionManager.csproj", "{CD0BF5A6-D3B7-493C-8CC7-3368B5E6C30C}"
EndProject
Project("{FAE04EC0-301F-11D3-BF4B-00C04F79EFBC}") = "TPV", "TPV\TPV.csproj", "{EC2DEB8E-2E16-4C46-86E1-25B77483BDB6}"
EndProject
Project("{FAE04EC0-301F-11D3-BF4B-00C04F79EFBC}") = "Mantenimiento", "Mantenimiento\Mantenimiento.csproj", "{1A5BDFB4-366E-47FA-90DA-72FB5E6048F3}"
EndProject
Project("{FAE04EC0-301F-11D3-BF4B-00C04F79EFBC}") = "Personal", "Personal\Personal.csproj", "{DF452496-63E3-4AA2-8E9A-09517B20FC50}"
EndProject
Project("{FAE04EC0-301F-11D3-BF4B-00C04F79EFBC}") = "Salones", "Salones\Salones.csproj", "{435E58E5-86E9-4574-961D-899F8A47CB27}"
EndProject
Project("{FAE04EC0-301F-11D3-BF4B-00C04F79EFBC}") = "Ingredientes y Productos", "Ingredientes y Productos\Ingredientes y Productos.csproj", "{5A6CD6AB-96FD-4BB3-A348-D1E87ADD4F19}"
EndProject
Project("{FAE04EC0-301F-11D3-BF4B-00C04F79EFBC}") = "Finanzas", "Finanzas\Finanzas.csproj", "{80E2ACCC-0B6B-491B-A4C1-E43F6C5996E1}"
EndProject
Global
	GlobalSection(SolutionConfigurationPlatforms) = preSolution
		Debug|Any CPU = Debug|Any CPU
		Release|Any CPU = Release|Any CPU
	EndGlobalSection
	GlobalSection(ProjectConfigurationPlatforms) = postSolution
		{CFDF850C-9305-47C2-84F5-14036CBD9BBA}.Debug|Any CPU.ActiveCfg = Debug|Any CPU
		{CFDF850C-9305-47C2-84F5-14036CBD9BBA}.Debug|Any CPU.Build.0 = Debug|Any CPU
		{CFDF850C-9305-47C2-84F5-14036CBD9BBA}.Release|Any CPU.ActiveCfg = Release|Any CPU
		{CFDF850C-9305-47C2-84F5-14036CBD9BBA}.Release|Any CPU.Build.0 = Release|Any CPU
		{934C2225-957E-419B-923C-694542BAB3FA}.Debug|Any CPU.ActiveCfg = Debug|Any CPU
		{934C2225-957E-419B-923C-694542BAB3FA}.Debug|Any CPU.Build.0 = Debug|Any CPU
		{934C2225-957E-419B-923C-694542BAB3FA}.Release|Any CPU.ActiveCfg = Release|Any CPU
		{934C2225-957E-419B-923C-694542BAB3FA}.Release|Any CPU.Build.0 = Release|Any CPU
		{1DCD826B-E7CC-4DB1-B8BF-E00794CEEFDE}.Debug|Any CPU.ActiveCfg = Debug|Any CPU
		{1DCD826B-E7CC-4DB1-B8BF-E00794CEEFDE}.Debug|Any CPU.Build.0 = Debug|Any CPU
		{1DCD826B-E7CC-4DB1-B8BF-E00794CEEFDE}.Release|Any CPU.ActiveCfg = Release|Any CPU
		{1DCD826B-E7CC-4DB1-B8BF-E00794CEEFDE}.Release|Any CPU.Build.0 = Release|Any CPU
		{CD0BF5A6-D3B7-493C-8CC7-3368B5E6C30C}.Debug|Any CPU.ActiveCfg = Debug|Any CPU
		{CD0BF5A6-D3B7-493C-8CC7-3368B5E6C30C}.Debug|Any CPU.Build.0 = Debug|Any CPU
		{CD0BF5A6-D3B7-493C-8CC7-3368B5E6C30C}.Release|Any CPU.ActiveCfg = Release|Any CPU
		{CD0BF5A6-D3B7-493C-8CC7-3368B5E6C30C}.Release|Any CPU.Build.0 = Release|Any CPU
		{EC2DEB8E-2E16-4C46-86E1-25B77483BDB6}.Debug|Any CPU.ActiveCfg = Debug|Any CPU
		{EC2DEB8E-2E16-4C46-86E1-25B77483BDB6}.Debug|Any CPU.Build.0 = Debug|Any CPU
		{EC2DEB8E-2E16-4C46-86E1-25B77483BDB6}.Release|Any CPU.ActiveCfg = Release|Any CPU
		{EC2DEB8E-2E16-4C46-86E1-25B77483BDB6}.Release|Any CPU.Build.0 = Release|Any CPU
		{1A5BDFB4-366E-47FA-90DA-72FB5E6048F3}.Debug|Any CPU.ActiveCfg = Debug|Any CPU
		{1A5BDFB4-366E-47FA-90DA-72FB5E6048F3}.Debug|Any CPU.Build.0 = Debug|Any CPU
		{1A5BDFB4-366E-47FA-90DA-72FB5E6048F3}.Release|Any CPU.ActiveCfg = Release|Any CPU
		{1A5BDFB4-366E-47FA-90DA-72FB5E6048F3}.Release|Any CPU.Build.0 = Release|Any CPU
		{DF452496-63E3-4AA2-8E9A-09517B20FC50}.Debug|Any CPU.ActiveCfg = Debug|Any CPU
		{DF452496-63E3-4AA2-8E9A-09517B20FC50}.Debug|Any CPU.Build.0 = Debug|Any CPU
		{DF452496-63E3-4AA2-8E9A-09517B20FC50}.Release|Any CPU.ActiveCfg = Release|Any CPU
		{DF452496-63E3-4AA2-8E9A-09517B20FC50}.Release|Any CPU.Build.0 = Release|Any CPU
		{435E58E5-86E9-4574-961D-899F8A47CB27}.Debug|Any CPU.ActiveCfg = Debug|Any CPU
		{435E58E5-86E9-4574-961D-899F8A47CB27}.Debug|Any CPU.Build.0 = Debug|Any CPU
		{435E58E5-86E9-4574-961D-899F8A47CB27}.Release|Any CPU.ActiveCfg = Release|Any CPU
		{435E58E5-86E9-4574-961D-899F8A47CB27}.Release|Any CPU.Build.0 = Release|Any CPU
		{5A6CD6AB-96FD-4BB3-A348-D1E87ADD4F19}.Debug|Any CPU.ActiveCfg = Debug|Any CPU
		{5A6CD6AB-96FD-4BB3-A348-D1E87ADD4F19}.Debug|Any CPU.Build.0 = Debug|Any CPU
		{5A6CD6AB-96FD-4BB3-A348-D1E87ADD4F19}.Release|Any CPU.ActiveCfg = Release|Any CPU
		{5A6CD6AB-96FD-4BB3-A348-D1E87ADD4F19}.Release|Any CPU.Build.0 = Release|Any CPU
		{80E2ACCC-0B6B-491B-A4C1-E43F6C5996E1}.Debug|Any CPU.ActiveCfg = Debug|Any CPU
		{80E2ACCC-0B6B-491B-A4C1-E43F6C5996E1}.Debug|Any CPU.Build.0 = Debug|Any CPU
		{80E2ACCC-0B6B-491B-A4C1-E43F6C5996E1}.Release|Any CPU.ActiveCfg = Release|Any CPU
		{80E2ACCC-0B6B-491B-A4C1-E43F6C5996E1}.Release|Any CPU.Build.0 = Release|Any CPU
	EndGlobalSection
	GlobalSection(SolutionProperties) = preSolution
		HideSolutionNode = FALSE
	EndGlobalSection
	GlobalSection(ExtensibilityGlobals) = postSolution
		SolutionGuid = {F472751A-4B15-48A8-AEBF-8D9C42179D74}
	EndGlobalSection
EndGlobal
